
Microsoft Visual Studio Solution File, Format Version 12.00
# Visual Studio Version 17
VisualStudioVersion = 17.9.34607.119
MinimumVisualStudioVersion = 10.0.40219.1
Project("{FAE04EC0-301F-11D3-BF4B-00C04F79EFBC}") = "PSDProject", "PSDProject\PSDProject.csproj", "{4DB8A026-54B4-4392-B00A-78959C8CD0BF}"
EndProject
Global
	GlobalSection(SolutionConfigurationPlatforms) = preSolution
		Debug|Any CPU = Debug|Any CPU
		Release|Any CPU = Release|Any CPU
	EndGlobalSection
	GlobalSection(ProjectConfigurationPlatforms) = postSolution
		{4DB8A026-54B4-4392-B00A-78959C8CD0BF}.Debug|Any CPU.ActiveCfg = Debug|Any CPU
		{4DB8A026-54B4-4392-B00A-78959C8CD0BF}.Debug|Any CPU.Build.0 = Debug|Any CPU
		{4DB8A026-54B4-4392-B00A-78959C8CD0BF}.Release|Any CPU.ActiveCfg = Release|Any CPU
		{4DB8A026-54B4-4392-B00A-78959C8CD0BF}.Release|Any CPU.Build.0 = Release|Any CPU
	EndGlobalSection
	GlobalSection(SolutionProperties) = preSolution
		HideSolutionNode = FALSE
	EndGlobalSection
	GlobalSection(ExtensibilityGlobals) = postSolution
		SolutionGuid = {AB3096F2-D08B-47CC-8DA2-17BCA17737B8}
	EndGlobalSection
EndGlobal
